{
  "projects": [
    {
      "projectId": "wDs7k7ubHzuKh3ioqPnFhb",
      "version": "latest",
      "dependencies": {},
      "lang": "js",
      "fileLocks": [
        {
          "type": "globalVariant",
          "assetId": "6HNd_7CJfhEM",
          "checksum": "715d202836b068d1346abc8de7becfa2"
        },
        {
          "assetId": "wDs7k7ubHzuKh3ioqPnFhb",
          "type": "projectCss",
          "checksum": "6433b9e20f10b47aa4cb06a6e8fa0e6a"
        },
        {
          "type": "renderModule",
          "assetId": "OLhjxIbbQsnn",
          "checksum": "7d74388e5cee6b82041e244346339fc8"
        },
        {
          "type": "cssRules",
          "assetId": "OLhjxIbbQsnn",
          "checksum": "7d74388e5cee6b82041e244346339fc8"
        },
        {
          "type": "renderModule",
          "assetId": "xhcd-74Zw-KQ",
          "checksum": "e7c5bc9f7bee01efc76bb67e8ba32396"
        },
        {
          "type": "cssRules",
          "assetId": "xhcd-74Zw-KQ",
          "checksum": "e7c5bc9f7bee01efc76bb67e8ba32396"
        },
        {
          "type": "renderModule",
          "assetId": "ZgduPyEojWLl",
          "checksum": "15a12ac20961a3778e647c2c6980c8dd"
        },
        {
          "type": "cssRules",
          "assetId": "ZgduPyEojWLl",
          "checksum": "15a12ac20961a3778e647c2c6980c8dd"
        },
        {
          "type": "renderModule",
          "assetId": "gT-lQgwg5epa",
          "checksum": "904b7a9b822407943aa689772fc826bf"
        },
        {
          "type": "cssRules",
          "assetId": "gT-lQgwg5epa",
          "checksum": "904b7a9b822407943aa689772fc826bf"
        },
        {
          "type": "renderModule",
          "assetId": "j-RUgUJCGn-G",
          "checksum": "5ba1cae4f53af7bba5304373c68867d1"
        },
        {
          "type": "cssRules",
          "assetId": "j-RUgUJCGn-G",
          "checksum": "5ba1cae4f53af7bba5304373c68867d1"
        },
        {
          "type": "renderModule",
          "assetId": "GuyH_uMej2yc",
          "checksum": "636cca21ae765d49746621260c5ab55e"
        },
        {
          "type": "cssRules",
          "assetId": "GuyH_uMej2yc",
          "checksum": "636cca21ae765d49746621260c5ab55e"
        },
        {
          "type": "renderModule",
          "assetId": "7SewzomZ1NU7",
          "checksum": "cac343f76de54c0ab7a402fe67ab6e46"
        },
        {
          "type": "cssRules",
          "assetId": "7SewzomZ1NU7",
          "checksum": "cac343f76de54c0ab7a402fe67ab6e46"
        },
        {
          "type": "renderModule",
          "assetId": "K1w4d9JodYxU",
          "checksum": "1a5925ec03b7d5237328e1ece3bf51a1"
        },
        {
          "type": "cssRules",
          "assetId": "K1w4d9JodYxU",
          "checksum": "1a5925ec03b7d5237328e1ece3bf51a1"
        },
        {
          "type": "renderModule",
          "assetId": "lHslax0KgMt7",
          "checksum": "137e1a0cd10b5fa4302dfe9fb23e4d29"
        },
        {
          "type": "cssRules",
          "assetId": "lHslax0KgMt7",
          "checksum": "137e1a0cd10b5fa4302dfe9fb23e4d29"
        },
        {
          "type": "renderModule",
          "assetId": "1iaabv9YpT7O",
          "checksum": "2a3ded69dd7fdf53c154a60664ca8a56"
        },
        {
          "type": "cssRules",
          "assetId": "1iaabv9YpT7O",
          "checksum": "2a3ded69dd7fdf53c154a60664ca8a56"
        },
        {
          "type": "renderModule",
          "assetId": "0epNN3jGtaHL",
          "checksum": "3e5dc8ff0968904f41bbd764a2aa7b8f"
        },
        {
          "type": "cssRules",
          "assetId": "0epNN3jGtaHL",
          "checksum": "3e5dc8ff0968904f41bbd764a2aa7b8f"
        },
        {
          "type": "icon",
          "assetId": "-VtMQ2GIhhcl",
          "checksum": "2fdc1f98a36d6cec977ea3ecf0564eba"
        },
        {
          "type": "icon",
          "assetId": "YXSxUVWNB3EX",
          "checksum": "3af517458d24335ba53e5d606ba442d5"
        },
        {
          "type": "icon",
          "assetId": "DtzfgL8t0uOn",
          "checksum": "b5464d14a9808a494c0b17d9b9913b83"
        },
        {
          "type": "icon",
          "assetId": "qTjkLAEi8uk_",
          "checksum": "f2f913c252ac4693031de13c469b4b03"
        },
        {
          "type": "icon",
          "assetId": "zdSP5hzyQso_",
          "checksum": "984854ff82cdc2dfacfc3244cc63658f"
        },
        {
          "type": "icon",
          "assetId": "4va_vv7I4d7m",
          "checksum": "151cde28cda0932e653381a98ff499de"
        },
        {
          "type": "icon",
          "assetId": "N6qkI-dqFdlT",
          "checksum": "8bde73da3ac310ccee8569bdbb0d61da"
        },
        {
          "type": "icon",
          "assetId": "R8Ko9_uwzyjf",
          "checksum": "fa5b61f9ef0d98102880de061f7ab9a6"
        },
        {
          "type": "icon",
          "assetId": "xHauYQhNUQjY",
          "checksum": "d204309c5531b03bea11ca0b19f4e9fa"
        },
        {
          "type": "image",
          "assetId": "t-G0Ydd-Wmjm",
          "checksum": "448cde82701d10aa18512e94dccb7909"
        },
        {
          "type": "image",
          "assetId": "6uIqDJhewZcD",
          "checksum": "5f94f61179f1e0e2fe737d566d892869"
        },
        {
          "type": "image",
          "assetId": "xvh0pTasl3Zy",
          "checksum": "00c94d81fc889b0adc1038e85719de7f"
        },
        {
          "type": "image",
          "assetId": "A4ehQofFfYPg",
          "checksum": "93f3242908f03774569653642e3ccedd"
        },
        {
          "type": "image",
          "assetId": "SkDyzMJgMy9f",
          "checksum": "d542fd916151da915b47f45405f2dca9"
        },
        {
          "type": "image",
          "assetId": "5jLsA83GNMaj",
          "checksum": "d073551a80da196d09764a647fd11440"
        },
        {
          "type": "image",
          "assetId": "JWySwY7YcUa3",
          "checksum": "d5fbb4c5df52e715e1b2b2623c3a3ada"
        },
        {
          "type": "image",
          "assetId": "IL1mY55M4DzH",
          "checksum": "d457a2fb25abeff961f21193aa166ca8"
        },
        {
          "type": "image",
          "assetId": "D4U_Fyb5PjCA",
          "checksum": "5ce98213f7a7e333901459b836718666"
        },
        {
          "type": "image",
          "assetId": "ucRuNAIY-jxS",
          "checksum": "82ed51246baa748e0518f3aca3ccfd9b"
        },
        {
          "type": "image",
          "assetId": "hLAeNZGfe3Tf",
          "checksum": "b8da34b21caffcf082f13b0a7b8a0e72"
        },
        {
          "type": "image",
          "assetId": "YK_dBBGAQZfR",
          "checksum": "1018ff4a08394007c19dacbba1cac525"
        },
        {
          "type": "image",
          "assetId": "WeaxFT4d-6cj",
          "checksum": "c8f49dcef30f06de16658e704410613f"
        },
        {
          "type": "image",
          "assetId": "jKnW6vv5QASp",
          "checksum": "6bee24f0f7863d03476eaaf3af49cd45"
        },
        {
          "type": "image",
          "assetId": "r1keLoo3U63z",
          "checksum": "48fc288ee9da2021554ff1f213617586"
        },
        {
          "type": "image",
          "assetId": "YnRP31YQea7l",
          "checksum": "5db344d9377092799e0b67461f853d9c"
        },
        {
          "type": "image",
          "assetId": "2hfwOPULDrR8",
          "checksum": "42ad1a8bcc22507aa50c16c0fd841815"
        },
        {
          "type": "image",
          "assetId": "6HU6ZCAyLhpK",
          "checksum": "486c91fcd1524da2fe1c2409ebd3797c"
        },
        {
          "type": "image",
          "assetId": "gh5xYm3PiNYJ",
          "checksum": "ff8e27c66ffd5d7ea1fc1f50349673f9"
        },
        {
          "type": "image",
          "assetId": "05ZmeENA-1fS",
          "checksum": "844e9770c1154879c1ab078a104963d4"
        },
        {
          "type": "image",
          "assetId": "CUyEu3i9utCK",
          "checksum": "3361b67352ab973768a5db75c3d5027c"
        },
        {
          "type": "image",
          "assetId": "m2c4gnWhHcDo",
          "checksum": "f83d4e73f8df95286cd0cb90c0a90b92"
        },
        {
          "type": "image",
          "assetId": "5OD4mUT4uuKW",
          "checksum": "0b648a556031d23569da2d099d11124d"
        },
        {
          "type": "image",
          "assetId": "mfRpHGhHERwp",
          "checksum": "b97f5fd003ff8d30f3df1d8c70413bea"
        },
        {
          "type": "image",
          "assetId": "2RqA9KjRg__7",
          "checksum": "e46615d9ef21bec0dcf63cc68e8aa3b5"
        },
        {
          "type": "image",
          "assetId": "Su1HYg_yg6pP",
          "checksum": "2394b71a1a568c4c178bc235d2c6d998"
        },
        {
          "type": "image",
          "assetId": "RBqluBPELne1",
          "checksum": "e8dc03a95cbca59b8c0eb4e2e5f09e45"
        },
        {
          "type": "image",
          "assetId": "mUPkQyZpSwva",
          "checksum": "71201f606ad3d74999461e023d4ff475"
        },
        {
          "type": "image",
          "assetId": "WOKRiSSK_xF-",
          "checksum": "7f79e15a0e9968e84e517009a12f4df8"
        },
        {
          "type": "image",
          "assetId": "OJl94GkJUzh_",
          "checksum": "10ee1872b7de3abf68156f0f5db0146e"
        },
        {
          "type": "image",
          "assetId": "-hmAic6XsmWp",
          "checksum": "52b54f8c04fd73d31439d2ae535a7dd2"
        },
        {
          "type": "image",
          "assetId": "IG2z7C4LzDV2",
          "checksum": "4ca792f3b108284140074d6d4c54ee48"
        },
        {
          "type": "image",
          "assetId": "tnnORrLQIbtm",
          "checksum": "df0e59f424f758e769e6d24ddd7d0cd1"
        },
        {
          "type": "image",
          "assetId": "c37mCGqHzaYT",
          "checksum": "a1d75a53a2a851f689cd952087b6e78f"
        },
        {
          "type": "image",
          "assetId": "zntePvV1EuKo",
          "checksum": "ce741bf45c658ed63820e1d1f30015eb"
        },
        {
          "type": "image",
          "assetId": "hthFA5Vo-fRj",
          "checksum": "3d9616eab50679244dfb3f6bb28ec440"
        },
        {
          "type": "image",
          "assetId": "UpNpS-ZY5MUh",
          "checksum": "41534d03ed43fc72c144716b8583e025"
        }
      ],
      "codegenVersion": "0.0.1"
    }
  ],
  "cliVersion": "0.1.331"
}
